// !$*UTF8*$!
{
	archiveVersion = 1;
	classes = {
	};
	objectVersion = 50;
	objects = {

/* Begin PBXBuildFile section */
		FC5B776F26AF4FC400A47096 /* ShrekFamIcon-StickerApp StickerPackExtension.appex in Embed App Extensions */ = {isa = PBXBuildFile; fileRef = FC5B776E26AF4FC400A47096 /* ShrekFamIcon-StickerApp StickerPackExtension.appex */; settings = {ATTRIBUTES = (RemoveHeadersOnCopy, ); }; };
		FC5B777326AF4FC400A47096 /* Stickers.xcstickers in Resources */ = {isa = PBXBuildFile; fileRef = FC5B777226AF4FC400A47096 /* Stickers.xcstickers */; };
		FC5B777426AF4FC400A47096 /* Stickers.xcstickers in Resources */ = {isa = PBXBuildFile; fileRef = FC5B777226AF4FC400A47096 /* Stickers.xcstickers */; };
/* End PBXBuildFile section */

/* Begin PBXContainerItemProxy section */
		FC5B777026AF4FC400A47096 /* PBXContainerItemProxy */ = {
			isa = PBXContainerItemProxy;
			containerPortal = FC5B776426AF4FC300A47096 /* Project object */;
			proxyType = 1;
			remoteGlobalIDString = FC5B776D26AF4FC400A47096;
			remoteInfo = "ShrekFamIcon-StickerApp StickerPackExtension";
		};
/* End PBXContainerItemProxy section */

/* Begin PBXCopyFilesBuildPhase section */
		FC5B777A26AF4FC400A47096 /* Embed App Extensions */ = {
			isa = PBXCopyFilesBuildPhase;
			buildActionMask = 2147483647;
			dstPath = "";
			dstSubfolderSpec = 13;
			files = (
				FC5B776F26AF4FC400A47096 /* ShrekFamIcon-StickerApp StickerPackExtension.appex in Embed App Extensions */,
			);
			name = "Embed App Extensions";
			runOnlyForDeploymentPostprocessing = 0;
		};
/* End PBXCopyFilesBuildPhase section */

/* Begin PBXFileReference section */
		FC5B776A26AF4FC400A47096 /* ShrekFamIcon-StickerApp.app */ = {isa = PBXFileReference; explicitFileType = wrapper.application; includeInIndex = 0; path = "ShrekFamIcon-StickerApp.app"; sourceTree = BUILT_PRODUCTS_DIR; };
		FC5B776E26AF4FC400A47096 /* ShrekFamIcon-StickerApp StickerPackExtension.appex */ = {isa = PBXFileReference; explicitFileType = "wrapper.app-extension"; includeInIndex = 0; path = "ShrekFamIcon-StickerApp StickerPackExtension.appex"; sourceTree = BUILT_PRODUCTS_DIR; };
		FC5B777226AF4FC400A47096 /* Stickers.xcstickers */ = {isa = PBXFileReference; lastKnownFileType = folder.stickers; name = Stickers.xcstickers; path = "ShrekFamIcon-StickerApp StickerPackExtension/Stickers.xcstickers"; sourceTree = "<group>"; };
/* End PBXFileReference section */

/* Begin PBXGroup section */
		FC5B776326AF4FC300A47096 = {
			isa = PBXGroup;
			children = (
				FC5B777226AF4FC400A47096 /* Stickers.xcstickers */,
				FC5B776B26AF4FC400A47096 /* Products */,
			);
			sourceTree = "<group>";
		};
		FC5B776B26AF4FC400A47096 /* Products */ = {
			isa = PBXGroup;
			children = (
				FC5B776A26AF4FC400A47096 /* ShrekFamIcon-StickerApp.app */,
				FC5B776E26AF4FC400A47096 /* ShrekFamIcon-StickerApp StickerPackExtension.appex */,
			);
			name = Products;
			sourceTree = "<group>";
		};
/* End PBXGroup section */

/* Begin PBXNativeTarget section */
		FC5B776926AF4FC400A47096 /* ShrekFamIcon-StickerApp */ = {
			isa = PBXNativeTarget;
			buildConfigurationList = FC5B777B26AF4FC400A47096 /* Build configuration list for PBXNativeTarget "ShrekFamIcon-StickerApp" */;
			buildPhases = (
				FC5B776826AF4FC400A47096 /* Resources */,
				FC5B777A26AF4FC400A47096 /* Embed App Extensions */,
			);
			buildRules = (
			);
			dependencies = (
				FC5B777126AF4FC400A47096 /* PBXTargetDependency */,
			);
			name = "ShrekFamIcon-StickerApp";
			productName = "ShrekFamIcon-StickerApp";
			productReference = FC5B776A26AF4FC400A47096 /* ShrekFamIcon-StickerApp.app */;
			productType = "com.apple.product-type.application.messages";
		};
		FC5B776D26AF4FC400A47096 /* ShrekFamIcon-StickerApp StickerPackExtension */ = {
			isa = PBXNativeTarget;
			buildConfigurationList = FC5B777726AF4FC400A47096 /* Build configuration list for PBXNativeTarget "ShrekFamIcon-StickerApp StickerPackExtension" */;
			buildPhases = (
				FC5B776C26AF4FC400A47096 /* Resources */,
			);
			buildRules = (
			);
			dependencies = (
			);
			name = "ShrekFamIcon-StickerApp StickerPackExtension";
			productName = "ShrekFamIcon-StickerApp StickerPackExtension";
			productReference = FC5B776E26AF4FC400A47096 /* ShrekFamIcon-StickerApp StickerPackExtension.appex */;
			productType = "com.apple.product-type.app-extension.messages-sticker-pack";
		};
/* End PBXNativeTarget section */

/* Begin PBXProject section */
		FC5B776426AF4FC300A47096 /* Project object */ = {
			isa = PBXProject;
			attributes = {
				LastUpgradeCheck = 1240;
				TargetAttributes = {
					FC5B776926AF4FC400A47096 = {
						CreatedOnToolsVersion = 12.4;
					};
					FC5B776D26AF4FC400A47096 = {
						CreatedOnToolsVersion = 12.4;
					};
				};
			};
			buildConfigurationList = FC5B776726AF4FC300A47096 /* Build configuration list for PBXProject "ShrekFamIcon-StickerApp" */;
			compatibilityVersion = "Xcode 9.3";
			developmentRegion = en;
			hasScannedForEncodings = 0;
			knownRegions = (
				en,
				Base,
			);
			mainGroup = FC5B776326AF4FC300A47096;
			productRefGroup = FC5B776B26AF4FC400A47096 /* Products */;
			projectDirPath = "";
			projectRoot = "";
			targets = (
				FC5B776926AF4FC400A47096 /* ShrekFamIcon-StickerApp */,
				FC5B776D26AF4FC400A47096 /* ShrekFamIcon-StickerApp StickerPackExtension */,
			);
		};
/* End PBXProject section */

/* Begin PBXResourcesBuildPhase section */
		FC5B776826AF4FC400A47096 /* Resources */ = {
			isa = PBXResourcesBuildPhase;
			buildActionMask = 2147483647;
			files = (
				FC5B777426AF4FC400A47096 /* Stickers.xcstickers in Resources */,
			);
			runOnlyForDeploymentPostprocessing = 0;
		};
		FC5B776C26AF4FC400A47096 /* Resources */ = {
			isa = PBXResourcesBuildPhase;
			buildActionMask = 2147483647;
			files = (
				FC5B777326AF4FC400A47096 /* Stickers.xcstickers in Resources */,
			);
			runOnlyForDeploymentPostprocessing = 0;
		};
/* End PBXResourcesBuildPhase section */

/* Begin PBXTargetDependency section */
		FC5B777126AF4FC400A47096 /* PBXTargetDependency */ = {
			isa = PBXTargetDependency;
			target = FC5B776D26AF4FC400A47096 /* ShrekFamIcon-StickerApp StickerPackExtension */;
			targetProxy = FC5B777026AF4FC400A47096 /* PBXContainerItemProxy */;
		};
/* End PBXTargetDependency section */

/* Begin XCBuildConfiguration section */
		FC5B777526AF4FC400A47096 /* Debug */ = {
			isa = XCBuildConfiguration;
			buildSettings = {
				ALWAYS_SEARCH_USER_PATHS = NO;
				CLANG_ANALYZER_NONNULL = YES;
				CLANG_ANALYZER_NUMBER_OBJECT_CONVERSION = YES_AGGRESSIVE;
				CLANG_CXX_LANGUAGE_STANDARD = "gnu++14";
				CLANG_CXX_LIBRARY = "libc++";
				CLANG_ENABLE_MODULES = YES;
				CLANG_ENABLE_OBJC_ARC = YES;
				CLANG_ENABLE_OBJC_WEAK = YES;
				CLANG_WARN_BLOCK_CAPTURE_AUTORELEASING = YES;
				CLANG_WARN_BOOL_CONVERSION = YES;
				CLANG_WARN_COMMA = YES;
				CLANG_WARN_CONSTANT_CONVERSION = YES;
				CLANG_WARN_DEPRECATED_OBJC_IMPLEMENTATIONS = YES;
				CLANG_WARN_DIRECT_OBJC_ISA_USAGE = YES_ERROR;
				CLANG_WARN_DOCUMENTATION_COMMENTS = YES;
				CLANG_WARN_EMPTY_BODY = YES;
				CLANG_WARN_ENUM_CONVERSION = YES;
				CLANG_WARN_INFINITE_RECURSION = YES;
				CLANG_WARN_INT_CONVERSION = YES;
				CLANG_WARN_NON_LITERAL_NULL_CONVERSION = YES;
				CLANG_WARN_OBJC_IMPLICIT_RETAIN_SELF = YES;
				CLANG_WARN_OBJC_LITERAL_CONVERSION = YES;
				CLANG_WARN_OBJC_ROOT_CLASS = YES_ERROR;
				CLANG_WARN_QUOTED_INCLUDE_IN_FRAMEWORK_HEADER = YES;
				CLANG_WARN_RANGE_LOOP_ANALYSIS = YES;
				CLANG_WARN_STRICT_PROTOTYPES = YES;
				CLANG_WARN_SUSPICIOUS_MOVE = YES;
				CLANG_WARN_UNGUARDED_AVAILABILITY = YES_AGGRESSIVE;
				CLANG_WARN_UNREACHABLE_CODE = YES;
				CLANG_WARN__DUPLICATE_METHOD_MATCH = YES;
				COPY_PHASE_STRIP = NO;
				DEBUG_INFORMATION_FORMAT = dwarf;
				ENABLE_STRICT_OBJC_MSGSEND = YES;
				ENABLE_TESTABILITY = YES;
				GCC_C_LANGUAGE_STANDARD = gnu11;
				GCC_DYNAMIC_NO_PIC = NO;
				GCC_NO_COMMON_BLOCKS = YES;
				GCC_OPTIMIZATION_LEVEL = 0;
				GCC_PREPROCESSOR_DEFINITIONS = (
					"DEBUG=1",
					"$(inherited)",
				);
				GCC_WARN_64_TO_32_BIT_CONVERSION = YES;
				GCC_WARN_ABOUT_RETURN_TYPE = YES_ERROR;
				GCC_WARN_UNDECLARED_SELECTOR = YES;
				GCC_WARN_UNINITIALIZED_AUTOS = YES_AGGRESSIVE;
				GCC_WARN_UNUSED_FUNCTION = YES;
				GCC_WARN_UNUSED_VARIABLE = YES;
				IPHONEOS_DEPLOYMENT_TARGET = 14.4;
				MTL_ENABLE_DEBUG_INFO = INCLUDE_SOURCE;
				MTL_FAST_MATH = YES;
				ONLY_ACTIVE_ARCH = YES;
				SDKROOT = iphoneos;
			};
			name = Debug;
		};
		FC5B777626AF4FC400A47096 /* Release */ = {
			isa = XCBuildConfiguration;
			buildSettings = {
				ALWAYS_SEARCH_USER_PATHS = NO;
				CLANG_ANALYZER_NONNULL = YES;
				CLANG_ANALYZER_NUMBER_OBJECT_CONVERSION = YES_AGGRESSIVE;
				CLANG_CXX_LANGUAGE_STANDARD = "gnu++14";
				CLANG_CXX_LIBRARY = "libc++";
				CLANG_ENABLE_MODULES = YES;
				CLANG_ENABLE_OBJC_ARC = YES;
				CLANG_ENABLE_OBJC_WEAK = YES;
				CLANG_WARN_BLOCK_CAPTURE_AUTORELEASING = YES;
				CLANG_WARN_BOOL_CONVERSION = YES;
				CLANG_WARN_COMMA = YES;
				CLANG_WARN_CONSTANT_CONVERSION = YES;
				CLANG_WARN_DEPRECATED_OBJC_IMPLEMENTATIONS = YES;
				CLANG_WARN_DIRECT_OBJC_ISA_USAGE = YES_ERROR;
				CLANG_WARN_DOCUMENTATION_COMMENTS = YES;
				CLANG_WARN_EMPTY_BODY = YES;
				CLANG_WARN_ENUM_CONVERSION = YES;
				CLANG_WARN_INFINITE_RECURSION = YES;
				CLANG_WARN_INT_CONVERSION = YES;
				CLANG_WARN_NON_LITERAL_NULL_CONVERSION = YES;
				CLANG_WARN_OBJC_IMPLICIT_RETAIN_SELF = YES;
				CLANG_WARN_OBJC_LITERAL_CONVERSION = YES;
				CLANG_WARN_OBJC_ROOT_CLASS = YES_ERROR;
				CLANG_WARN_QUOTED_INCLUDE_IN_FRAMEWORK_HEADER = YES;
				CLANG_WARN_RANGE_LOOP_ANALYSIS = YES;
				CLANG_WARN_STRICT_PROTOTYPES = YES;
				CLANG_WARN_SUSPICIOUS_MOVE = YES;
				CLANG_WARN_UNGUARDED_AVAILABILITY = YES_AGGRESSIVE;
				CLANG_WARN_UNREACHABLE_CODE = YES;
				CLANG_WARN__DUPLICATE_METHOD_MATCH = YES;
				COPY_PHASE_STRIP = NO;
				DEBUG_INFORMATION_FORMAT = "dwarf-with-dsym";
				ENABLE_NS_ASSERTIONS = NO;
				ENABLE_STRICT_OBJC_MSGSEND = YES;
				GCC_C_LANGUAGE_STANDARD = gnu11;
				GCC_NO_COMMON_BLOCKS = YES;
				GCC_WARN_64_TO_32_BIT_CONVERSION = YES;
				GCC_WARN_ABOUT_RETURN_TYPE = YES_ERROR;
				GCC_WARN_UNDECLARED_SELECTOR = YES;
				GCC_WARN_UNINITIALIZED_AUTOS = YES_AGGRESSIVE;
				GCC_WARN_UNUSED_FUNCTION = YES;
				GCC_WARN_UNUSED_VARIABLE = YES;
				IPHONEOS_DEPLOYMENT_TARGET = 14.4;
				MTL_ENABLE_DEBUG_INFO = NO;
				MTL_FAST_MATH = YES;
				SDKROOT = iphoneos;
				VALIDATE_PRODUCT = YES;
			};
			name = Release;
		};
		FC5B777826AF4FC400A47096 /* Debug */ = {
			isa = XCBuildConfiguration;
			buildSettings = {
				ASSETCATALOG_COMPILER_APPICON_NAME = "iMessage App Icon";
				CODE_SIGN_STYLE = Automatic;
				INFOPLIST_FILE = "ShrekFamIcon-StickerApp StickerPackExtension/Info.plist";
				IPHONEOS_DEPLOYMENT_TARGET = 10.0;
				PRODUCT_BUNDLE_IDENTIFIER = "herbin.ShrekFamIcon-StickerApp.StickerPackExtension";
				PRODUCT_NAME = "$(TARGET_NAME)";
				SKIP_INSTALL = YES;
				TARGETED_DEVICE_FAMILY = "1,2";
			};
			name = Debug;
		};
		FC5B777926AF4FC400A47096 /* Release */ = {
			isa = XCBuildConfiguration;
			buildSettings = {
				ASSETCATALOG_COMPILER_APPICON_NAME = "iMessage App Icon";
				CODE_SIGN_STYLE = Automatic;
				INFOPLIST_FILE = "ShrekFamIcon-StickerApp StickerPackExtension/Info.plist";
				IPHONEOS_DEPLOYMENT_TARGET = 10.0;
				PRODUCT_BUNDLE_IDENTIFIER = "herbin.ShrekFamIcon-StickerApp.StickerPackExtension";
				PRODUCT_NAME = "$(TARGET_NAME)";
				SKIP_INSTALL = YES;
				TARGETED_DEVICE_FAMILY = "1,2";
			};
			name = Release;
		};
		FC5B777C26AF4FC400A47096 /* Debug */ = {
			isa = XCBuildConfiguration;
			buildSettings = {
				ASSETCATALOG_COMPILER_APPICON_NAME = "iMessage App Icon";
				CODE_SIGN_STYLE = Automatic;
				INFOPLIST_FILE = "ShrekFamIcon-StickerApp/Info.plist";
				IPHONEOS_DEPLOYMENT_TARGET = 10.0;
				PRODUCT_BUNDLE_IDENTIFIER = "herbin.ShrekFamIcon-StickerApp";
				PRODUCT_NAME = "$(TARGET_NAME)";
				TARGETED_DEVICE_FAMILY = "1,2";
			};
			name = Debug;
		};
		FC5B777D26AF4FC400A47096 /* Release */ = {
			isa = XCBuildConfiguration;
			buildSettings = {
				ASSETCATALOG_COMPILER_APPICON_NAME = "iMessage App Icon";
				CODE_SIGN_STYLE = Automatic;
				INFOPLIST_FILE = "ShrekFamIcon-StickerApp/Info.plist";
				IPHONEOS_DEPLOYMENT_TARGET = 10.0;
				PRODUCT_BUNDLE_IDENTIFIER = "herbin.ShrekFamIcon-StickerApp";
				PRODUCT_NAME = "$(TARGET_NAME)";
				TARGETED_DEVICE_FAMILY = "1,2";
			};
			name = Release;
		};
/* End XCBuildConfiguration section */

/* Begin XCConfigurationList section */
		FC5B776726AF4FC300A47096 /* Build configuration list for PBXProject "ShrekFamIcon-StickerApp" */ = {
			isa = XCConfigurationList;
			buildConfigurations = (
				FC5B777526AF4FC400A47096 /* Debug */,
				FC5B777626AF4FC400A47096 /* Release */,
			);
			defaultConfigurationIsVisible = 0;
			defaultConfigurationName = Release;
		};
		FC5B777726AF4FC400A47096 /* Build configuration list for PBXNativeTarget "ShrekFamIcon-StickerApp StickerPackExtension" */ = {
			isa = XCConfigurationList;
			buildConfigurations = (
				FC5B777826AF4FC400A47096 /* Debug */,
				FC5B777926AF4FC400A47096 /* Release */,
			);
			defaultConfigurationIsVisible = 0;
			defaultConfigurationName = Release;
		};
		FC5B777B26AF4FC400A47096 /* Build configuration list for PBXNativeTarget "ShrekFamIcon-StickerApp" */ = {
			isa = XCConfigurationList;
			buildConfigurations = (
				FC5B777C26AF4FC400A47096 /* Debug */,
				FC5B777D26AF4FC400A47096 /* Release */,
			);
			defaultConfigurationIsVisible = 0;
			defaultConfigurationName = Release;
		};
/* End XCConfigurationList section */
	};
	rootObject = FC5B776426AF4FC300A47096 /* Project object */;
}
